// !$*UTF8*$!
{
	archiveVersion = 1;
	classes = {
	};
	objectVersion = 46;
	objects = {

/* Begin PBXBuildFile section */
		845D8B241AC28DC600EB874B /* main.m in Sources */ = {isa = PBXBuildFile; fileRef = 845D8B231AC28DC600EB874B /* main.m */; };
		845D8B271AC28DC600EB874B /* AppDelegate.m in Sources */ = {isa = PBXBuildFile; fileRef = 845D8B261AC28DC600EB874B /* AppDelegate.m */; };
		845D8B2A1AC28DC600EB874B /* FirstViewController.m in Sources */ = {isa = PBXBuildFile; fileRef = 845D8B291AC28DC600EB874B /* FirstViewController.m */; };
		845D8B2D1AC28DC600EB874B /* SecondViewController.m in Sources */ = {isa = PBXBuildFile; fileRef = 845D8B2C1AC28DC600EB874B /* SecondViewController.m */; };
		845D8B301AC28DC600EB874B /* Main.storyboard in Resources */ = {isa = PBXBuildFile; fileRef = 845D8B2E1AC28DC600EB874B /* Main.storyboard */; };
		845D8B321AC28DC600EB874B /* Images.xcassets in Resources */ = {isa = PBXBuildFile; fileRef = 845D8B311AC28DC600EB874B /* Images.xcassets */; };
		845D8B351AC28DC600EB874B /* LaunchScreen.xib in Resources */ = {isa = PBXBuildFile; fileRef = 845D8B331AC28DC600EB874B /* LaunchScreen.xib */; };
		845D8B411AC28DC600EB874B /* HopsterTests.m in Sources */ = {isa = PBXBuildFile; fileRef = 845D8B401AC28DC600EB874B /* HopsterTests.m */; };
/* End PBXBuildFile section */

/* Begin PBXContainerItemProxy section */
		845D8B3B1AC28DC600EB874B /* PBXContainerItemProxy */ = {
			isa = PBXContainerItemProxy;
			containerPortal = 845D8B161AC28DC600EB874B /* Project object */;
			proxyType = 1;
			remoteGlobalIDString = 845D8B1D1AC28DC600EB874B;
			remoteInfo = Hopster;
		};
/* End PBXContainerItemProxy section */

/* Begin PBXFileReference section */
		845D8B1E1AC28DC600EB874B /* Hopster.app */ = {isa = PBXFileReference; explicitFileType = wrapper.application; includeInIndex = 0; path = Hopster.app; sourceTree = BUILT_PRODUCTS_DIR; };
		845D8B221AC28DC600EB874B /* Info.plist */ = {isa = PBXFileReference; lastKnownFileType = text.plist.xml; path = Info.plist; sourceTree = "<group>"; };
		845D8B231AC28DC600EB874B /* main.m */ = {isa = PBXFileReference; lastKnownFileType = sourcecode.c.objc; path = main.m; sourceTree = "<group>"; };
		845D8B251AC28DC600EB874B /* AppDelegate.h */ = {isa = PBXFileReference; lastKnownFileType = sourcecode.c.h; path = AppDelegate.h; sourceTree = "<group>"; };
		845D8B261AC28DC600EB874B /* AppDelegate.m */ = {isa = PBXFileReference; lastKnownFileType = sourcecode.c.objc; path = AppDelegate.m; sourceTree = "<group>"; };
		845D8B281AC28DC600EB874B /* FirstViewController.h */ = {isa = PBXFileReference; lastKnownFileType = sourcecode.c.h; path = FirstViewController.h; sourceTree = "<group>"; };
		845D8B291AC28DC600EB874B /* FirstViewController.m */ = {isa = PBXFileReference; lastKnownFileType = sourcecode.c.objc; path = FirstViewController.m; sourceTree = "<group>"; };
		845D8B2B1AC28DC600EB874B /* SecondViewController.h */ = {isa = PBXFileReference; lastKnownFileType = sourcecode.c.h; path = SecondViewController.h; sourceTree = "<group>"; };
		845D8B2C1AC28DC600EB874B /* SecondViewController.m */ = {isa = PBXFileReference; lastKnownFileType = sourcecode.c.objc; path = SecondViewController.m; sourceTree = "<group>"; };
		845D8B2F1AC28DC600EB874B /* Base */ = {isa = PBXFileReference; lastKnownFileType = file.storyboard; name = Base; path = Base.lproj/Main.storyboard; sourceTree = "<group>"; };
		845D8B311AC28DC600EB874B /* Images.xcassets */ = {isa = PBXFileReference; lastKnownFileType = folder.assetcatalog; path = Images.xcassets; sourceTree = "<group>"; };
		845D8B341AC28DC600EB874B /* Base */ = {isa = PBXFileReference; lastKnownFileType = file.xib; name = Base; path = Base.lproj/LaunchScreen.xib; sourceTree = "<group>"; };
		845D8B3A1AC28DC600EB874B /* HopsterTests.xctest */ = {isa = PBXFileReference; explicitFileType = wrapper.cfbundle; includeInIndex = 0; path = HopsterTests.xctest; sourceTree = BUILT_PRODUCTS_DIR; };
		845D8B3F1AC28DC600EB874B /* Info.plist */ = {isa = PBXFileReference; lastKnownFileType = text.plist.xml; path = Info.plist; sourceTree = "<group>"; };
		845D8B401AC28DC600EB874B /* HopsterTests.m */ = {isa = PBXFileReference; lastKnownFileType = sourcecode.c.objc; path = HopsterTests.m; sourceTree = "<group>"; };
/* End PBXFileReference section */

/* Begin PBXFrameworksBuildPhase section */
		845D8B1B1AC28DC600EB874B /* Frameworks */ = {
			isa = PBXFrameworksBuildPhase;
			buildActionMask = 2147483647;
			files = (
			);
			runOnlyForDeploymentPostprocessing = 0;
		};
		845D8B371AC28DC600EB874B /* Frameworks */ = {
			isa = PBXFrameworksBuildPhase;
			buildActionMask = 2147483647;
			files = (
			);
			runOnlyForDeploymentPostprocessing = 0;
		};
/* End PBXFrameworksBuildPhase section */

/* Begin PBXGroup section */
		845D8B151AC28DC600EB874B = {
			isa = PBXGroup;
			children = (
				845D8B201AC28DC600EB874B /* Hopster */,
				845D8B3D1AC28DC600EB874B /* HopsterTests */,
				845D8B1F1AC28DC600EB874B /* Products */,
			);
			sourceTree = "<group>";
		};
		845D8B1F1AC28DC600EB874B /* Products */ = {
			isa = PBXGroup;
			children = (
				845D8B1E1AC28DC600EB874B /* Hopster.app */,
				845D8B3A1AC28DC600EB874B /* HopsterTests.xctest */,
			);
			name = Products;
			sourceTree = "<group>";
		};
		845D8B201AC28DC600EB874B /* Hopster */ = {
			isa = PBXGroup;
			children = (
				845D8B251AC28DC600EB874B /* AppDelegate.h */,
				845D8B261AC28DC600EB874B /* AppDelegate.m */,
				845D8B281AC28DC600EB874B /* FirstViewController.h */,
				845D8B291AC28DC600EB874B /* FirstViewController.m */,
				845D8B2B1AC28DC600EB874B /* SecondViewController.h */,
				845D8B2C1AC28DC600EB874B /* SecondViewController.m */,
				845D8B2E1AC28DC600EB874B /* Main.storyboard */,
				845D8B311AC28DC600EB874B /* Images.xcassets */,
				845D8B331AC28DC600EB874B /* LaunchScreen.xib */,
				845D8B211AC28DC600EB874B /* Supporting Files */,
			);
			path = Hopster;
			sourceTree = "<group>";
		};
		845D8B211AC28DC600EB874B /* Supporting Files */ = {
			isa = PBXGroup;
			children = (
				845D8B221AC28DC600EB874B /* Info.plist */,
				845D8B231AC28DC600EB874B /* main.m */,
			);
			name = "Supporting Files";
			sourceTree = "<group>";
		};
		845D8B3D1AC28DC600EB874B /* HopsterTests */ = {
			isa = PBXGroup;
			children = (
				845D8B401AC28DC600EB874B /* HopsterTests.m */,
				845D8B3E1AC28DC600EB874B /* Supporting Files */,
			);
			path = HopsterTests;
			sourceTree = "<group>";
		};
		845D8B3E1AC28DC600EB874B /* Supporting Files */ = {
			isa = PBXGroup;
			children = (
				845D8B3F1AC28DC600EB874B /* Info.plist */,
			);
			name = "Supporting Files";
			sourceTree = "<group>";
		};
/* End PBXGroup section */

/* Begin PBXNativeTarget section */
		845D8B1D1AC28DC600EB874B /* Hopster */ = {
			isa = PBXNativeTarget;
			buildConfigurationList = 845D8B441AC28DC600EB874B /* Build configuration list for PBXNativeTarget "Hopster" */;
			buildPhases = (
				845D8B1A1AC28DC600EB874B /* Sources */,
				845D8B1B1AC28DC600EB874B /* Frameworks */,
				845D8B1C1AC28DC600EB874B /* Resources */,
			);
			buildRules = (
			);
			dependencies = (
			);
			name = Hopster;
			productName = Hopster;
			productReference = 845D8B1E1AC28DC600EB874B /* Hopster.app */;
			productType = "com.apple.product-type.application";
		};
		845D8B391AC28DC600EB874B /* HopsterTests */ = {
			isa = PBXNativeTarget;
			buildConfigurationList = 845D8B471AC28DC600EB874B /* Build configuration list for PBXNativeTarget "HopsterTests" */;
			buildPhases = (
				845D8B361AC28DC600EB874B /* Sources */,
				845D8B371AC28DC600EB874B /* Frameworks */,
				845D8B381AC28DC600EB874B /* Resources */,
			);
			buildRules = (
			);
			dependencies = (
				845D8B3C1AC28DC600EB874B /* PBXTargetDependency */,
			);
			name = HopsterTests;
			productName = HopsterTests;
			productReference = 845D8B3A1AC28DC600EB874B /* HopsterTests.xctest */;
			productType = "com.apple.product-type.bundle.unit-test";
		};
/* End PBXNativeTarget section */

/* Begin PBXProject section */
		845D8B161AC28DC600EB874B /* Project object */ = {
			isa = PBXProject;
			attributes = {
				LastUpgradeCheck = 0610;
				ORGANIZATIONNAME = "Connor Kuehnle";
				TargetAttributes = {
					845D8B1D1AC28DC600EB874B = {
						CreatedOnToolsVersion = 6.1.1;
					};
					845D8B391AC28DC600EB874B = {
						CreatedOnToolsVersion = 6.1.1;
						TestTargetID = 845D8B1D1AC28DC600EB874B;
					};
				};
			};
			buildConfigurationList = 845D8B191AC28DC600EB874B /* Build configuration list for PBXProject "Hopster" */;
			compatibilityVersion = "Xcode 3.2";
			developmentRegion = English;
			hasScannedForEncodings = 0;
			knownRegions = (
				en,
				Base,
			);
			mainGroup = 845D8B151AC28DC600EB874B;
			productRefGroup = 845D8B1F1AC28DC600EB874B /* Products */;
			projectDirPath = "";
			projectRoot = "";
			targets = (
				845D8B1D1AC28DC600EB874B /* Hopster */,
				845D8B391AC28DC600EB874B /* HopsterTests */,
			);
		};
/* End PBXProject section */

/* Begin PBXResourcesBuildPhase section */
		845D8B1C1AC28DC600EB874B /* Resources */ = {
			isa = PBXResourcesBuildPhase;
			buildActionMask = 2147483647;
			files = (
				845D8B301AC28DC600EB874B /* Main.storyboard in Resources */,
				845D8B351AC28DC600EB874B /* LaunchScreen.xib in Resources */,
				845D8B321AC28DC600EB874B /* Images.xcassets in Resources */,
			);
			runOnlyForDeploymentPostprocessing = 0;
		};
		845D8B381AC28DC600EB874B /* Resources */ = {
			isa = PBXResourcesBuildPhase;
			buildActionMask = 2147483647;
			files = (
			);
			runOnlyForDeploymentPostprocessing = 0;
		};
/* End PBXResourcesBuildPhase section */

/* Begin PBXSourcesBuildPhase section */
		845D8B1A1AC28DC600EB874B /* Sources */ = {
			isa = PBXSourcesBuildPhase;
			buildActionMask = 2147483647;
			files = (
				845D8B2D1AC28DC600EB874B /* SecondViewController.m in Sources */,
				845D8B271AC28DC600EB874B /* AppDelegate.m in Sources */,
				845D8B2A1AC28DC600EB874B /* FirstViewController.m in Sources */,
				845D8B241AC28DC600EB874B /* main.m in Sources */,
			);
			runOnlyForDeploymentPostprocessing = 0;
		};
		845D8B361AC28DC600EB874B /* Sources */ = {
			isa = PBXSourcesBuildPhase;
			buildActionMask = 2147483647;
			files = (
				845D8B411AC28DC600EB874B /* HopsterTests.m in Sources */,
			);
			runOnlyForDeploymentPostprocessing = 0;
		};
/* End PBXSourcesBuildPhase section */

/* Begin PBXTargetDependency section */
		845D8B3C1AC28DC600EB874B /* PBXTargetDependency */ = {
			isa = PBXTargetDependency;
			target = 845D8B1D1AC28DC600EB874B /* Hopster */;
			targetProxy = 845D8B3B1AC28DC600EB874B /* PBXContainerItemProxy */;
		};
/* End PBXTargetDependency section */

/* Begin PBXVariantGroup section */
		845D8B2E1AC28DC600EB874B /* Main.storyboard */ = {
			isa = PBXVariantGroup;
			children = (
				845D8B2F1AC28DC600EB874B /* Base */,
			);
			name = Main.storyboard;
			sourceTree = "<group>";
		};
		845D8B331AC28DC600EB874B /* LaunchScreen.xib */ = {
			isa = PBXVariantGroup;
			children = (
				845D8B341AC28DC600EB874B /* Base */,
			);
			name = LaunchScreen.xib;
			sourceTree = "<group>";
		};
/* End PBXVariantGroup section */

/* Begin XCBuildConfiguration section */
		845D8B421AC28DC600EB874B /* Debug */ = {
			isa = XCBuildConfiguration;
			buildSettings = {
				ALWAYS_SEARCH_USER_PATHS = NO;
				CLANG_CXX_LANGUAGE_STANDARD = "gnu++0x";
				CLANG_CXX_LIBRARY = "libc++";
				CLANG_ENABLE_MODULES = YES;
				CLANG_ENABLE_OBJC_ARC = YES;
				CLANG_WARN_BOOL_CONVERSION = YES;
				CLANG_WARN_CONSTANT_CONVERSION = YES;
				CLANG_WARN_DIRECT_OBJC_ISA_USAGE = YES_ERROR;
				CLANG_WARN_EMPTY_BODY = YES;
				CLANG_WARN_ENUM_CONVERSION = YES;
				CLANG_WARN_INT_CONVERSION = YES;
				CLANG_WARN_OBJC_ROOT_CLASS = YES_ERROR;
				CLANG_WARN_UNREACHABLE_CODE = YES;
				CLANG_WARN__DUPLICATE_METHOD_MATCH = YES;
				"CODE_SIGN_IDENTITY[sdk=iphoneos*]" = "iPhone Developer";
				COPY_PHASE_STRIP = NO;
				ENABLE_STRICT_OBJC_MSGSEND = YES;
				GCC_C_LANGUAGE_STANDARD = gnu99;
				GCC_DYNAMIC_NO_PIC = NO;
				GCC_OPTIMIZATION_LEVEL = 0;
				GCC_PREPROCESSOR_DEFINITIONS = (
					"DEBUG=1",
					"$(inherited)",
				);
				GCC_SYMBOLS_PRIVATE_EXTERN = NO;
				GCC_WARN_64_TO_32_BIT_CONVERSION = YES;
				GCC_WARN_ABOUT_RETURN_TYPE = YES_ERROR;
				GCC_WARN_UNDECLARED_SELECTOR = YES;
				GCC_WARN_UNINITIALIZED_AUTOS = YES_AGGRESSIVE;
				GCC_WARN_UNUSED_FUNCTION = YES;
				GCC_WARN_UNUSED_VARIABLE = YES;
				IPHONEOS_DEPLOYMENT_TARGET = 8.1;
				MTL_ENABLE_DEBUG_INFO = YES;
				ONLY_ACTIVE_ARCH = YES;
				SDKROOT = iphoneos;
			};
			name = Debug;
		};
		845D8B431AC28DC600EB874B /* Release */ = {
			isa = XCBuildConfiguration;
			buildSettings = {
				ALWAYS_SEARCH_USER_PATHS = NO;
				CLANG_CXX_LANGUAGE_STANDARD = "gnu++0x";
				CLANG_CXX_LIBRARY = "libc++";
				CLANG_ENABLE_MODULES = YES;
				CLANG_ENABLE_OBJC_ARC = YES;
				CLANG_WARN_BOOL_CONVERSION = YES;
				CLANG_WARN_CONSTANT_CONVERSION = YES;
				CLANG_WARN_DIRECT_OBJC_ISA_USAGE = YES_ERROR;
				CLANG_WARN_EMPTY_BODY = YES;
				CLANG_WARN_ENUM_CONVERSION = YES;
				CLANG_WARN_INT_CONVERSION = YES;
				CLANG_WARN_OBJC_ROOT_CLASS = YES_ERROR;
				CLANG_WARN_UNREACHABLE_CODE = YES;
				CLANG_WARN__DUPLICATE_METHOD_MATCH = YES;
				"CODE_SIGN_IDENTITY[sdk=iphoneos*]" = "iPhone Developer";
				COPY_PHASE_STRIP = YES;
				ENABLE_NS_ASSERTIONS = NO;
				ENABLE_STRICT_OBJC_MSGSEND = YES;
				GCC_C_LANGUAGE_STANDARD = gnu99;
				GCC_WARN_64_TO_32_BIT_CONVERSION = YES;
				GCC_WARN_ABOUT_RETURN_TYPE = YES_ERROR;
				GCC_WARN_UNDECLARED_SELECTOR = YES;
				GCC_WARN_UNINITIALIZED_AUTOS = YES_AGGRESSIVE;
				GCC_WARN_UNUSED_FUNCTION = YES;
				GCC_WARN_UNUSED_VARIABLE = YES;
				IPHONEOS_DEPLOYMENT_TARGET = 8.1;
				MTL_ENABLE_DEBUG_INFO = NO;
				SDKROOT = iphoneos;
				VALIDATE_PRODUCT = YES;
			};
			name = Release;
		};
		845D8B451AC28DC600EB874B /* Debug */ = {
			isa = XCBuildConfiguration;
			buildSettings = {
				ASSETCATALOG_COMPILER_APPICON_NAME = AppIcon;
				INFOPLIST_FILE = Hopster/Info.plist;
				LD_RUNPATH_SEARCH_PATHS = "$(inherited) @executable_path/Frameworks";
				PRODUCT_NAME = "$(TARGET_NAME)";
			};
			name = Debug;
		};
		845D8B461AC28DC600EB874B /* Release */ = {
			isa = XCBuildConfiguration;
			buildSettings = {
				ASSETCATALOG_COMPILER_APPICON_NAME = AppIcon;
				INFOPLIST_FILE = Hopster/Info.plist;
				LD_RUNPATH_SEARCH_PATHS = "$(inherited) @executable_path/Frameworks";
				PRODUCT_NAME = "$(TARGET_NAME)";
			};
			name = Release;
		};
		845D8B481AC28DC600EB874B /* Debug */ = {
			isa = XCBuildConfiguration;
			buildSettings = {
				BUNDLE_LOADER = "$(TEST_HOST)";
				FRAMEWORK_SEARCH_PATHS = (
					"$(SDKROOT)/Developer/Library/Frameworks",
					"$(inherited)",
				);
				GCC_PREPROCESSOR_DEFINITIONS = (
					"DEBUG=1",
					"$(inherited)",
				);
				INFOPLIST_FILE = HopsterTests/Info.plist;
				LD_RUNPATH_SEARCH_PATHS = "$(inherited) @executable_path/Frameworks @loader_path/Frameworks";
				PRODUCT_NAME = "$(TARGET_NAME)";
				TEST_HOST = "$(BUILT_PRODUCTS_DIR)/Hopster.app/Hopster";
			};
			name = Debug;
		};
		845D8B491AC28DC600EB874B /* Release */ = {
			isa = XCBuildConfiguration;
			buildSettings = {
				BUNDLE_LOADER = "$(TEST_HOST)";
				FRAMEWORK_SEARCH_PATHS = (
					"$(SDKROOT)/Developer/Library/Frameworks",
					"$(inherited)",
				);
				INFOPLIST_FILE = HopsterTests/Info.plist;
				LD_RUNPATH_SEARCH_PATHS = "$(inherited) @executable_path/Frameworks @loader_path/Frameworks";
				PRODUCT_NAME = "$(TARGET_NAME)";
				TEST_HOST = "$(BUILT_PRODUCTS_DIR)/Hopster.app/Hopster";
			};
			name = Release;
		};
/* End XCBuildConfiguration section */

/* Begin XCConfigurationList section */
		845D8B191AC28DC600EB874B /* Build configuration list for PBXProject "Hopster" */ = {
			isa = XCConfigurationList;
			buildConfigurations = (
				845D8B421AC28DC600EB874B /* Debug */,
				845D8B431AC28DC600EB874B /* Release */,
			);
			defaultConfigurationIsVisible = 0;
			defaultConfigurationName = Release;
		};
		845D8B441AC28DC600EB874B /* Build configuration list for PBXNativeTarget "Hopster" */ = {
			isa = XCConfigurationList;
			buildConfigurations = (
				845D8B451AC28DC600EB874B /* Debug */,
				845D8B461AC28DC600EB874B /* Release */,
			);
			defaultConfigurationIsVisible = 0;
		};
		845D8B471AC28DC600EB874B /* Build configuration list for PBXNativeTarget "HopsterTests" */ = {
			isa = XCConfigurationList;
			buildConfigurations = (
				845D8B481AC28DC600EB874B /* Debug */,
				845D8B491AC28DC600EB874B /* Release */,
			);
			defaultConfigurationIsVisible = 0;
		};
/* End XCConfigurationList section */
	};
	rootObject = 845D8B161AC28DC600EB874B /* Project object */;
}
